// !$*UTF8*$!
{
	archiveVersion = 1;
	classes = {
	};
	objectVersion = 46;
	objects = {

/* Begin PBXBuildFile section */
		1A96B1271AE1526B002A60D3 /* main.m in Sources */ = {isa = PBXBuildFile; fileRef = 1A96B1261AE1526B002A60D3 /* main.m */; };
		1A96B12A1AE1526B002A60D3 /* AppDelegate.m in Sources */ = {isa = PBXBuildFile; fileRef = 1A96B1291AE1526B002A60D3 /* AppDelegate.m */; };
		1A96B12D1AE1526B002A60D3 /* ViewController.m in Sources */ = {isa = PBXBuildFile; fileRef = 1A96B12C1AE1526B002A60D3 /* ViewController.m */; };
		1A96B1301AE1526B002A60D3 /* Main.storyboard in Resources */ = {isa = PBXBuildFile; fileRef = 1A96B12E1AE1526B002A60D3 /* Main.storyboard */; };
		1A96B1321AE1526B002A60D3 /* Images.xcassets in Resources */ = {isa = PBXBuildFile; fileRef = 1A96B1311AE1526B002A60D3 /* Images.xcassets */; };
		1A96B1351AE1526B002A60D3 /* LaunchScreen.xib in Resources */ = {isa = PBXBuildFile; fileRef = 1A96B1331AE1526B002A60D3 /* LaunchScreen.xib */; };
		1A96B1411AE1526B002A60D3 /* BitlyShortenLinksTests.m in Sources */ = {isa = PBXBuildFile; fileRef = 1A96B1401AE1526B002A60D3 /* BitlyShortenLinksTests.m */; };
/* End PBXBuildFile section */

/* Begin PBXContainerItemProxy section */
		1A96B13B1AE1526B002A60D3 /* PBXContainerItemProxy */ = {
			isa = PBXContainerItemProxy;
			containerPortal = 1A96B1191AE1526B002A60D3 /* Project object */;
			proxyType = 1;
			remoteGlobalIDString = 1A96B1201AE1526B002A60D3;
			remoteInfo = BitlyShortenLinks;
		};
/* End PBXContainerItemProxy section */

/* Begin PBXFileReference section */
		1A96B1211AE1526B002A60D3 /* BitlyShortenLinks.app */ = {isa = PBXFileReference; explicitFileType = wrapper.application; includeInIndex = 0; path = BitlyShortenLinks.app; sourceTree = BUILT_PRODUCTS_DIR; };
		1A96B1251AE1526B002A60D3 /* Info.plist */ = {isa = PBXFileReference; lastKnownFileType = text.plist.xml; path = Info.plist; sourceTree = "<group>"; };
		1A96B1261AE1526B002A60D3 /* main.m */ = {isa = PBXFileReference; lastKnownFileType = sourcecode.c.objc; path = main.m; sourceTree = "<group>"; };
		1A96B1281AE1526B002A60D3 /* AppDelegate.h */ = {isa = PBXFileReference; lastKnownFileType = sourcecode.c.h; path = AppDelegate.h; sourceTree = "<group>"; };
		1A96B1291AE1526B002A60D3 /* AppDelegate.m */ = {isa = PBXFileReference; lastKnownFileType = sourcecode.c.objc; path = AppDelegate.m; sourceTree = "<group>"; };
		1A96B12B1AE1526B002A60D3 /* ViewController.h */ = {isa = PBXFileReference; lastKnownFileType = sourcecode.c.h; path = ViewController.h; sourceTree = "<group>"; };
		1A96B12C1AE1526B002A60D3 /* ViewController.m */ = {isa = PBXFileReference; lastKnownFileType = sourcecode.c.objc; path = ViewController.m; sourceTree = "<group>"; };
		1A96B12F1AE1526B002A60D3 /* Base */ = {isa = PBXFileReference; lastKnownFileType = file.storyboard; name = Base; path = Base.lproj/Main.storyboard; sourceTree = "<group>"; };
		1A96B1311AE1526B002A60D3 /* Images.xcassets */ = {isa = PBXFileReference; lastKnownFileType = folder.assetcatalog; path = Images.xcassets; sourceTree = "<group>"; };
		1A96B1341AE1526B002A60D3 /* Base */ = {isa = PBXFileReference; lastKnownFileType = file.xib; name = Base; path = Base.lproj/LaunchScreen.xib; sourceTree = "<group>"; };
		1A96B13A1AE1526B002A60D3 /* BitlyShortenLinksTests.xctest */ = {isa = PBXFileReference; explicitFileType = wrapper.cfbundle; includeInIndex = 0; path = BitlyShortenLinksTests.xctest; sourceTree = BUILT_PRODUCTS_DIR; };
		1A96B13F1AE1526B002A60D3 /* Info.plist */ = {isa = PBXFileReference; lastKnownFileType = text.plist.xml; path = Info.plist; sourceTree = "<group>"; };
		1A96B1401AE1526B002A60D3 /* BitlyShortenLinksTests.m */ = {isa = PBXFileReference; lastKnownFileType = sourcecode.c.objc; path = BitlyShortenLinksTests.m; sourceTree = "<group>"; };
/* End PBXFileReference section */

/* Begin PBXFrameworksBuildPhase section */
		1A96B11E1AE1526B002A60D3 /* Frameworks */ = {
			isa = PBXFrameworksBuildPhase;
			buildActionMask = 2147483647;
			files = (
			);
			runOnlyForDeploymentPostprocessing = 0;
		};
		1A96B1371AE1526B002A60D3 /* Frameworks */ = {
			isa = PBXFrameworksBuildPhase;
			buildActionMask = 2147483647;
			files = (
			);
			runOnlyForDeploymentPostprocessing = 0;
		};
/* End PBXFrameworksBuildPhase section */

/* Begin PBXGroup section */
		1A96B1181AE1526B002A60D3 = {
			isa = PBXGroup;
			children = (
				1A96B1231AE1526B002A60D3 /* BitlyShortenLinks */,
				1A96B13D1AE1526B002A60D3 /* BitlyShortenLinksTests */,
				1A96B1221AE1526B002A60D3 /* Products */,
			);
			sourceTree = "<group>";
		};
		1A96B1221AE1526B002A60D3 /* Products */ = {
			isa = PBXGroup;
			children = (
				1A96B1211AE1526B002A60D3 /* BitlyShortenLinks.app */,
				1A96B13A1AE1526B002A60D3 /* BitlyShortenLinksTests.xctest */,
			);
			name = Products;
			sourceTree = "<group>";
		};
		1A96B1231AE1526B002A60D3 /* BitlyShortenLinks */ = {
			isa = PBXGroup;
			children = (
				1A96B1281AE1526B002A60D3 /* AppDelegate.h */,
				1A96B1291AE1526B002A60D3 /* AppDelegate.m */,
				1A96B12B1AE1526B002A60D3 /* ViewController.h */,
				1A96B12C1AE1526B002A60D3 /* ViewController.m */,
				1A96B12E1AE1526B002A60D3 /* Main.storyboard */,
				1A96B1311AE1526B002A60D3 /* Images.xcassets */,
				1A96B1331AE1526B002A60D3 /* LaunchScreen.xib */,
				1A96B1241AE1526B002A60D3 /* Supporting Files */,
			);
			path = BitlyShortenLinks;
			sourceTree = "<group>";
		};
		1A96B1241AE1526B002A60D3 /* Supporting Files */ = {
			isa = PBXGroup;
			children = (
				1A96B1251AE1526B002A60D3 /* Info.plist */,
				1A96B1261AE1526B002A60D3 /* main.m */,
			);
			name = "Supporting Files";
			sourceTree = "<group>";
		};
		1A96B13D1AE1526B002A60D3 /* BitlyShortenLinksTests */ = {
			isa = PBXGroup;
			children = (
				1A96B1401AE1526B002A60D3 /* BitlyShortenLinksTests.m */,
				1A96B13E1AE1526B002A60D3 /* Supporting Files */,
			);
			path = BitlyShortenLinksTests;
			sourceTree = "<group>";
		};
		1A96B13E1AE1526B002A60D3 /* Supporting Files */ = {
			isa = PBXGroup;
			children = (
				1A96B13F1AE1526B002A60D3 /* Info.plist */,
			);
			name = "Supporting Files";
			sourceTree = "<group>";
		};
/* End PBXGroup section */

/* Begin PBXNativeTarget section */
		1A96B1201AE1526B002A60D3 /* BitlyShortenLinks */ = {
			isa = PBXNativeTarget;
			buildConfigurationList = 1A96B1441AE1526B002A60D3 /* Build configuration list for PBXNativeTarget "BitlyShortenLinks" */;
			buildPhases = (
				1A96B11D1AE1526B002A60D3 /* Sources */,
				1A96B11E1AE1526B002A60D3 /* Frameworks */,
				1A96B11F1AE1526B002A60D3 /* Resources */,
			);
			buildRules = (
			);
			dependencies = (
			);
			name = BitlyShortenLinks;
			productName = BitlyShortenLinks;
			productReference = 1A96B1211AE1526B002A60D3 /* BitlyShortenLinks.app */;
			productType = "com.apple.product-type.application";
		};
		1A96B1391AE1526B002A60D3 /* BitlyShortenLinksTests */ = {
			isa = PBXNativeTarget;
			buildConfigurationList = 1A96B1471AE1526B002A60D3 /* Build configuration list for PBXNativeTarget "BitlyShortenLinksTests" */;
			buildPhases = (
				1A96B1361AE1526B002A60D3 /* Sources */,
				1A96B1371AE1526B002A60D3 /* Frameworks */,
				1A96B1381AE1526B002A60D3 /* Resources */,
			);
			buildRules = (
			);
			dependencies = (
				1A96B13C1AE1526B002A60D3 /* PBXTargetDependency */,
			);
			name = BitlyShortenLinksTests;
			productName = BitlyShortenLinksTests;
			productReference = 1A96B13A1AE1526B002A60D3 /* BitlyShortenLinksTests.xctest */;
			productType = "com.apple.product-type.bundle.unit-test";
		};
/* End PBXNativeTarget section */

/* Begin PBXProject section */
		1A96B1191AE1526B002A60D3 /* Project object */ = {
			isa = PBXProject;
			attributes = {
				LastUpgradeCheck = 0630;
				ORGANIZATIONNAME = "Yung Dai";
				TargetAttributes = {
					1A96B1201AE1526B002A60D3 = {
						CreatedOnToolsVersion = 6.3;
					};
					1A96B1391AE1526B002A60D3 = {
						CreatedOnToolsVersion = 6.3;
						TestTargetID = 1A96B1201AE1526B002A60D3;
					};
				};
			};
			buildConfigurationList = 1A96B11C1AE1526B002A60D3 /* Build configuration list for PBXProject "BitlyShortenLinks" */;
			compatibilityVersion = "Xcode 3.2";
			developmentRegion = English;
			hasScannedForEncodings = 0;
			knownRegions = (
				en,
				Base,
			);
			mainGroup = 1A96B1181AE1526B002A60D3;
			productRefGroup = 1A96B1221AE1526B002A60D3 /* Products */;
			projectDirPath = "";
			projectRoot = "";
			targets = (
				1A96B1201AE1526B002A60D3 /* BitlyShortenLinks */,
				1A96B1391AE1526B002A60D3 /* BitlyShortenLinksTests */,
			);
		};
/* End PBXProject section */

/* Begin PBXResourcesBuildPhase section */
		1A96B11F1AE1526B002A60D3 /* Resources */ = {
			isa = PBXResourcesBuildPhase;
			buildActionMask = 2147483647;
			files = (
				1A96B1301AE1526B002A60D3 /* Main.storyboard in Resources */,
				1A96B1351AE1526B002A60D3 /* LaunchScreen.xib in Resources */,
				1A96B1321AE1526B002A60D3 /* Images.xcassets in Resources */,
			);
			runOnlyForDeploymentPostprocessing = 0;
		};
		1A96B1381AE1526B002A60D3 /* Resources */ = {
			isa = PBXResourcesBuildPhase;
			buildActionMask = 2147483647;
			files = (
			);
			runOnlyForDeploymentPostprocessing = 0;
		};
/* End PBXResourcesBuildPhase section */

/* Begin PBXSourcesBuildPhase section */
		1A96B11D1AE1526B002A60D3 /* Sources */ = {
			isa = PBXSourcesBuildPhase;
			buildActionMask = 2147483647;
			files = (
				1A96B12D1AE1526B002A60D3 /* ViewController.m in Sources */,
				1A96B12A1AE1526B002A60D3 /* AppDelegate.m in Sources */,
				1A96B1271AE1526B002A60D3 /* main.m in Sources */,
			);
			runOnlyForDeploymentPostprocessing = 0;
		};
		1A96B1361AE1526B002A60D3 /* Sources */ = {
			isa = PBXSourcesBuildPhase;
			buildActionMask = 2147483647;
			files = (
				1A96B1411AE1526B002A60D3 /* BitlyShortenLinksTests.m in Sources */,
			);
			runOnlyForDeploymentPostprocessing = 0;
		};
/* End PBXSourcesBuildPhase section */

/* Begin PBXTargetDependency section */
		1A96B13C1AE1526B002A60D3 /* PBXTargetDependency */ = {
			isa = PBXTargetDependency;
			target = 1A96B1201AE1526B002A60D3 /* BitlyShortenLinks */;
			targetProxy = 1A96B13B1AE1526B002A60D3 /* PBXContainerItemProxy */;
		};
/* End PBXTargetDependency section */

/* Begin PBXVariantGroup section */
		1A96B12E1AE1526B002A60D3 /* Main.storyboard */ = {
			isa = PBXVariantGroup;
			children = (
				1A96B12F1AE1526B002A60D3 /* Base */,
			);
			name = Main.storyboard;
			sourceTree = "<group>";
		};
		1A96B1331AE1526B002A60D3 /* LaunchScreen.xib */ = {
			isa = PBXVariantGroup;
			children = (
				1A96B1341AE1526B002A60D3 /* Base */,
			);
			name = LaunchScreen.xib;
			sourceTree = "<group>";
		};
/* End PBXVariantGroup section */

/* Begin XCBuildConfiguration section */
		1A96B1421AE1526B002A60D3 /* Debug */ = {
			isa = XCBuildConfiguration;
			buildSettings = {
				ALWAYS_SEARCH_USER_PATHS = NO;
				CLANG_CXX_LANGUAGE_STANDARD = "gnu++0x";
				CLANG_CXX_LIBRARY = "libc++";
				CLANG_ENABLE_MODULES = YES;
				CLANG_ENABLE_OBJC_ARC = YES;
				CLANG_WARN_BOOL_CONVERSION = YES;
				CLANG_WARN_CONSTANT_CONVERSION = YES;
				CLANG_WARN_DIRECT_OBJC_ISA_USAGE = YES_ERROR;
				CLANG_WARN_EMPTY_BODY = YES;
				CLANG_WARN_ENUM_CONVERSION = YES;
				CLANG_WARN_INT_CONVERSION = YES;
				CLANG_WARN_OBJC_ROOT_CLASS = YES_ERROR;
				CLANG_WARN_UNREACHABLE_CODE = YES;
				CLANG_WARN__DUPLICATE_METHOD_MATCH = YES;
				"CODE_SIGN_IDENTITY[sdk=iphoneos*]" = "iPhone Developer";
				COPY_PHASE_STRIP = NO;
				DEBUG_INFORMATION_FORMAT = "dwarf-with-dsym";
				ENABLE_STRICT_OBJC_MSGSEND = YES;
				GCC_C_LANGUAGE_STANDARD = gnu99;
				GCC_DYNAMIC_NO_PIC = NO;
				GCC_NO_COMMON_BLOCKS = YES;
				GCC_OPTIMIZATION_LEVEL = 0;
				GCC_PREPROCESSOR_DEFINITIONS = (
					"DEBUG=1",
					"$(inherited)",
				);
				GCC_SYMBOLS_PRIVATE_EXTERN = NO;
				GCC_WARN_64_TO_32_BIT_CONVERSION = YES;
				GCC_WARN_ABOUT_RETURN_TYPE = YES_ERROR;
				GCC_WARN_UNDECLARED_SELECTOR = YES;
				GCC_WARN_UNINITIALIZED_AUTOS = YES_AGGRESSIVE;
				GCC_WARN_UNUSED_FUNCTION = YES;
				GCC_WARN_UNUSED_VARIABLE = YES;
				IPHONEOS_DEPLOYMENT_TARGET = 8.3;
				MTL_ENABLE_DEBUG_INFO = YES;
				ONLY_ACTIVE_ARCH = YES;
				SDKROOT = iphoneos;
			};
			name = Debug;
		};
		1A96B1431AE1526B002A60D3 /* Release */ = {
			isa = XCBuildConfiguration;
			buildSettings = {
				ALWAYS_SEARCH_USER_PATHS = NO;
				CLANG_CXX_LANGUAGE_STANDARD = "gnu++0x";
				CLANG_CXX_LIBRARY = "libc++";
				CLANG_ENABLE_MODULES = YES;
				CLANG_ENABLE_OBJC_ARC = YES;
				CLANG_WARN_BOOL_CONVERSION = YES;
				CLANG_WARN_CONSTANT_CONVERSION = YES;
				CLANG_WARN_DIRECT_OBJC_ISA_USAGE = YES_ERROR;
				CLANG_WARN_EMPTY_BODY = YES;
				CLANG_WARN_ENUM_CONVERSION = YES;
				CLANG_WARN_INT_CONVERSION = YES;
				CLANG_WARN_OBJC_ROOT_CLASS = YES_ERROR;
				CLANG_WARN_UNREACHABLE_CODE = YES;
				CLANG_WARN__DUPLICATE_METHOD_MATCH = YES;
				"CODE_SIGN_IDENTITY[sdk=iphoneos*]" = "iPhone Developer";
				COPY_PHASE_STRIP = NO;
				DEBUG_INFORMATION_FORMAT = "dwarf-with-dsym";
				ENABLE_NS_ASSERTIONS = NO;
				ENABLE_STRICT_OBJC_MSGSEND = YES;
				GCC_C_LANGUAGE_STANDARD = gnu99;
				GCC_NO_COMMON_BLOCKS = YES;
				GCC_WARN_64_TO_32_BIT_CONVERSION = YES;
				GCC_WARN_ABOUT_RETURN_TYPE = YES_ERROR;
				GCC_WARN_UNDECLARED_SELECTOR = YES;
				GCC_WARN_UNINITIALIZED_AUTOS = YES_AGGRESSIVE;
				GCC_WARN_UNUSED_FUNCTION = YES;
				GCC_WARN_UNUSED_VARIABLE = YES;
				IPHONEOS_DEPLOYMENT_TARGET = 8.3;
				MTL_ENABLE_DEBUG_INFO = NO;
				SDKROOT = iphoneos;
				VALIDATE_PRODUCT = YES;
			};
			name = Release;
		};
		1A96B1451AE1526B002A60D3 /* Debug */ = {
			isa = XCBuildConfiguration;
			buildSettings = {
				ASSETCATALOG_COMPILER_APPICON_NAME = AppIcon;
				INFOPLIST_FILE = BitlyShortenLinks/Info.plist;
				LD_RUNPATH_SEARCH_PATHS = "$(inherited) @executable_path/Frameworks";
				PRODUCT_NAME = "$(TARGET_NAME)";
			};
			name = Debug;
		};
		1A96B1461AE1526B002A60D3 /* Release */ = {
			isa = XCBuildConfiguration;
			buildSettings = {
				ASSETCATALOG_COMPILER_APPICON_NAME = AppIcon;
				INFOPLIST_FILE = BitlyShortenLinks/Info.plist;
				LD_RUNPATH_SEARCH_PATHS = "$(inherited) @executable_path/Frameworks";
				PRODUCT_NAME = "$(TARGET_NAME)";
			};
			name = Release;
		};
		1A96B1481AE1526B002A60D3 /* Debug */ = {
			isa = XCBuildConfiguration;
			buildSettings = {
				BUNDLE_LOADER = "$(TEST_HOST)";
				FRAMEWORK_SEARCH_PATHS = (
					"$(SDKROOT)/Developer/Library/Frameworks",
					"$(inherited)",
				);
				GCC_PREPROCESSOR_DEFINITIONS = (
					"DEBUG=1",
					"$(inherited)",
				);
				INFOPLIST_FILE = BitlyShortenLinksTests/Info.plist;
				LD_RUNPATH_SEARCH_PATHS = "$(inherited) @executable_path/Frameworks @loader_path/Frameworks";
				PRODUCT_NAME = "$(TARGET_NAME)";
				TEST_HOST = "$(BUILT_PRODUCTS_DIR)/BitlyShortenLinks.app/BitlyShortenLinks";
			};
			name = Debug;
		};
		1A96B1491AE1526B002A60D3 /* Release */ = {
			isa = XCBuildConfiguration;
			buildSettings = {
				BUNDLE_LOADER = "$(TEST_HOST)";
				FRAMEWORK_SEARCH_PATHS = (
					"$(SDKROOT)/Developer/Library/Frameworks",
					"$(inherited)",
				);
				INFOPLIST_FILE = BitlyShortenLinksTests/Info.plist;
				LD_RUNPATH_SEARCH_PATHS = "$(inherited) @executable_path/Frameworks @loader_path/Frameworks";
				PRODUCT_NAME = "$(TARGET_NAME)";
				TEST_HOST = "$(BUILT_PRODUCTS_DIR)/BitlyShortenLinks.app/BitlyShortenLinks";
			};
			name = Release;
		};
/* End XCBuildConfiguration section */

/* Begin XCConfigurationList section */
		1A96B11C1AE1526B002A60D3 /* Build configuration list for PBXProject "BitlyShortenLinks" */ = {
			isa = XCConfigurationList;
			buildConfigurations = (
				1A96B1421AE1526B002A60D3 /* Debug */,
				1A96B1431AE1526B002A60D3 /* Release */,
			);
			defaultConfigurationIsVisible = 0;
			defaultConfigurationName = Release;
		};
		1A96B1441AE1526B002A60D3 /* Build configuration list for PBXNativeTarget "BitlyShortenLinks" */ = {
			isa = XCConfigurationList;
			buildConfigurations = (
				1A96B1451AE1526B002A60D3 /* Debug */,
				1A96B1461AE1526B002A60D3 /* Release */,
			);
			defaultConfigurationIsVisible = 0;
		};
		1A96B1471AE1526B002A60D3 /* Build configuration list for PBXNativeTarget "BitlyShortenLinksTests" */ = {
			isa = XCConfigurationList;
			buildConfigurations = (
				1A96B1481AE1526B002A60D3 /* Debug */,
				1A96B1491AE1526B002A60D3 /* Release */,
			);
			defaultConfigurationIsVisible = 0;
		};
/* End XCConfigurationList section */
	};
	rootObject = 1A96B1191AE1526B002A60D3 /* Project object */;
}
